
Microsoft Visual Studio Solution File, Format Version 12.00
# Visual Studio Version 16
VisualStudioVersion = 25.0.1706.4
MinimumVisualStudioVersion = 10.0.40219.1
Project("{FAE04EC0-301F-11D3-BF4B-00C04F79EFBC}") = "toDoCheck.Android", "toDoCheck\toDoCheck.Android\toDoCheck.Android.csproj", "{95BE473D-336C-4048-BA7E-2D608B3D17A4}"
EndProject
Project("{FAE04EC0-301F-11D3-BF4B-00C04F79EFBC}") = "toDoCheck", "toDoCheck\toDoCheck\toDoCheck.csproj", "{AEA98D6E-E6DD-47C0-8020-E07CC925D8C2}"
EndProject
Global
	GlobalSection(SolutionConfigurationPlatforms) = preSolution
		Debug|Any CPU = Debug|Any CPU
		Release|Any CPU = Release|Any CPU
	EndGlobalSection
	GlobalSection(ProjectConfigurationPlatforms) = postSolution
		{95BE473D-336C-4048-BA7E-2D608B3D17A4}.Debug|Any CPU.ActiveCfg = Debug|Any CPU
		{95BE473D-336C-4048-BA7E-2D608B3D17A4}.Debug|Any CPU.Build.0 = Debug|Any CPU
		{95BE473D-336C-4048-BA7E-2D608B3D17A4}.Release|Any CPU.ActiveCfg = Release|Any CPU
		{95BE473D-336C-4048-BA7E-2D608B3D17A4}.Release|Any CPU.Build.0 = Release|Any CPU
		{AEA98D6E-E6DD-47C0-8020-E07CC925D8C2}.Debug|Any CPU.ActiveCfg = Debug|Any CPU
		{AEA98D6E-E6DD-47C0-8020-E07CC925D8C2}.Debug|Any CPU.Build.0 = Debug|Any CPU
		{AEA98D6E-E6DD-47C0-8020-E07CC925D8C2}.Release|Any CPU.ActiveCfg = Release|Any CPU
		{AEA98D6E-E6DD-47C0-8020-E07CC925D8C2}.Release|Any CPU.Build.0 = Release|Any CPU
	EndGlobalSection
	GlobalSection(SolutionProperties) = preSolution
		HideSolutionNode = FALSE
	EndGlobalSection
	GlobalSection(ExtensibilityGlobals) = postSolution
		SolutionGuid = {D2FE41B1-5B05-4B4C-B56C-9138D6C40EB5}
	EndGlobalSection
	GlobalSection(MonoDevelopProperties) = preSolution
		Policies = $0
		$0.DotNetNamingPolicy = $1
		$1.DirectoryNamespaceAssociation = PrefixedHierarchical
	EndGlobalSection
EndGlobal
